
Microsoft Visual Studio Solution File, Format Version 12.00
# Visual Studio Version 17
VisualStudioVersion = 17.0.31903.59
MinimumVisualStudioVersion = 10.0.40219.1
Project("{FAE04EC0-301F-11D3-BF4B-00C04F79EFBC}") = "Vender", "Vender\Vender.csproj", "{CAF1BD78-3559-4D1D-A597-3EA6BD408A20}"
EndProject
Project("{9A19103F-16F7-4668-BE54-9A1E7A4F7556}") = "Vender.Test", "Vender.Test\Vender.Test.csproj", "{72CD61A6-FC4E-4A67-AE28-466C118B38A2}"
EndProject
Global
	GlobalSection(SolutionConfigurationPlatforms) = preSolution
		Debug|Any CPU = Debug|Any CPU
		Release|Any CPU = Release|Any CPU
	EndGlobalSection
	GlobalSection(ProjectConfigurationPlatforms) = postSolution
		{CAF1BD78-3559-4D1D-A597-3EA6BD408A20}.Debug|Any CPU.ActiveCfg = Debug|Any CPU
		{CAF1BD78-3559-4D1D-A597-3EA6BD408A20}.Debug|Any CPU.Build.0 = Debug|Any CPU
		{CAF1BD78-3559-4D1D-A597-3EA6BD408A20}.Release|Any CPU.ActiveCfg = Release|Any CPU
		{CAF1BD78-3559-4D1D-A597-3EA6BD408A20}.Release|Any CPU.Build.0 = Release|Any CPU
		{72CD61A6-FC4E-4A67-AE28-466C118B38A2}.Debug|Any CPU.ActiveCfg = Debug|Any CPU
		{72CD61A6-FC4E-4A67-AE28-466C118B38A2}.Debug|Any CPU.Build.0 = Debug|Any CPU
		{72CD61A6-FC4E-4A67-AE28-466C118B38A2}.Release|Any CPU.ActiveCfg = Release|Any CPU
		{72CD61A6-FC4E-4A67-AE28-466C118B38A2}.Release|Any CPU.Build.0 = Release|Any CPU
	EndGlobalSection
	GlobalSection(SolutionProperties) = preSolution
		HideSolutionNode = FALSE
	EndGlobalSection
	GlobalSection(ExtensibilityGlobals) = postSolution
		SolutionGuid = {191E9F04-7AB3-4644-B972-21E130E04144}
	EndGlobalSection
EndGlobal
